<?xml version="1.0" encoding="utf-8"?>
<Project ToolsVersion="4.0" xmlns="http://schemas.microsoft.com/developer/msbuild/2003">
  <ItemGroup>
    <Filter Include="Source Files">
      <UniqueIdentifier>{4FC737F1-C7A5-4376-A066-2A32D752A2FF}</UniqueIdentifier>
      <Extensions>cpp;c;cc;cxx;def;odl;idl;hpj;bat;asm;asmx</Extensions>
    </Filter>
    <Filter Include="Header Files">
      <UniqueIdentifier>{93995380-89BD-4b04-88EB-625FBE52EBFB}</UniqueIdentifier>
      <Extensions>h;hh;hpp;hxx;hm;inl;inc;xsd</Extensions>
    </Filter>
    <Filter Include="Resource Files">
      <UniqueIdentifier>{67DA6AB6-F800-4c08-8B7A-83BB121AAD01}</UniqueIdentifier>
      <Extensions>rc;ico;cur;bmp;dlg;rc2;rct;bin;rgs;gif;jpg;jpeg;jpe;resx;tiff;tif;png;wav;mfcribbon-ms</Extensions>
    </Filter>
    <Filter Include="Source Files\orb-slam2-src">
      <UniqueIdentifier>{b9aa9273-3042-4859-a3d2-d1d355408940}</UniqueIdentifier>
    </Filter>
  </ItemGroup>
  <ItemGroup>
    <ClInclude Include="include\Converter.h">
      <Filter>Header Files</Filter>
    </ClInclude>
    <ClInclude Include="include\Frame.h">
      <Filter>Header Files</Filter>
    </ClInclude>
    <ClInclude Include="include\FrameDrawer.h">
      <Filter>Header Files</Filter>
    </ClInclude>
    <ClInclude Include="include\Initializer.h">
      <Filter>Header Files</Filter>
    </ClInclude>
    <ClInclude Include="include\KeyFrame.h">
      <Filter>Header Files</Filter>
    </ClInclude>
    <ClInclude Include="include\KeyFrameDatabase.h">
      <Filter>Header Files</Filter>
    </ClInclude>
    <ClInclude Include="include\LocalMapping.h">
      <Filter>Header Files</Filter>
    </ClInclude>
    <ClInclude Include="include\LoopClosing.h">
      <Filter>Header Files</Filter>
    </ClInclude>
    <ClInclude Include="include\Map.h">
      <Filter>Header Files</Filter>
    </ClInclude>
    <ClInclude Include="include\MapDrawer.h">
      <Filter>Header Files</Filter>
    </ClInclude>
    <ClInclude Include="include\MapPoint.h">
      <Filter>Header Files</Filter>
    </ClInclude>
    <ClInclude Include="include\Optimizer.h">
      <Filter>Header Files</Filter>
    </ClInclude>
    <ClInclude Include="include\ORBextractor.h">
      <Filter>Header Files</Filter>
    </ClInclude>
    <ClInclude Include="include\ORBmatcher.h">
      <Filter>Header Files</Filter>
    </ClInclude>
    <ClInclude Include="include\OrbSlamApi.h">
      <Filter>Header Files</Filter>
    </ClInclude>
    <ClInclude Include="include\ORBVocabulary.h">
      <Filter>Header Files</Filter>
    </ClInclude>
    <ClInclude Include="include\PnPsolver.h">
      <Filter>Header Files</Filter>
    </ClInclude>
    <ClInclude Include="include\Sim3Solver.h">
      <Filter>Header Files</Filter>
    </ClInclude>
    <ClInclude Include="include\System.h">
      <Filter>Header Files</Filter>
    </ClInclude>
    <ClInclude Include="include\Tracking.h">
      <Filter>Header Files</Filter>
    </ClInclude>
    <ClInclude Include="include\Viewer.h">
      <Filter>Header Files</Filter>
    </ClInclude>
  </ItemGroup>
  <ItemGroup>
    <ClCompile Include="src\Converter.cc">
      <Filter>Source Files\orb-slam2-src</Filter>
    </ClCompile>
    <ClCompile Include="src\Frame.cc">
      <Filter>Source Files\orb-slam2-src</Filter>
    </ClCompile>
    <ClCompile Include="src\FrameDrawer.cc">
      <Filter>Source Files\orb-slam2-src</Filter>
    </ClCompile>
    <ClCompile Include="src\Initializer.cc">
      <Filter>Source Files\orb-slam2-src</Filter>
    </ClCompile>
    <ClCompile Include="src\KeyFrame.cc">
      <Filter>Source Files\orb-slam2-src</Filter>
    </ClCompile>
    <ClCompile Include="src\KeyFrameDatabase.cc">
      <Filter>Source Files\orb-slam2-src</Filter>
    </ClCompile>
    <ClCompile Include="src\LocalMapping.cc">
      <Filter>Source Files\orb-slam2-src</Filter>
    </ClCompile>
    <ClCompile Include="src\LoopClosing.cc">
      <Filter>Source Files\orb-slam2-src</Filter>
    </ClCompile>
    <ClCompile Include="src\Map.cc">
      <Filter>Source Files\orb-slam2-src</Filter>
    </ClCompile>
    <ClCompile Include="src\MapDrawer.cc">
      <Filter>Source Files\orb-slam2-src</Filter>
    </ClCompile>
    <ClCompile Include="src\MapPoint.cc">
      <Filter>Source Files\orb-slam2-src</Filter>
    </ClCompile>
    <ClCompile Include="src\Optimizer.cc">
      <Filter>Source Files\orb-slam2-src</Filter>
    </ClCompile>
    <ClCompile Include="src\ORBextractor.cc">
      <Filter>Source Files\orb-slam2-src</Filter>
    </ClCompile>
    <ClCompile Include="src\ORBmatcher.cc">
      <Filter>Source Files\orb-slam2-src</Filter>
    </ClCompile>
    <ClCompile Include="src\PnPsolver.cc">
      <Filter>Source Files\orb-slam2-src</Filter>
    </ClCompile>
    <ClCompile Include="src\Sim3Solver.cc">
      <Filter>Source Files\orb-slam2-src</Filter>
    </ClCompile>
    <ClCompile Include="src\System.cc">
      <Filter>Source Files\orb-slam2-src</Filter>
    </ClCompile>
    <ClCompile Include="src\Tracking.cc">
      <Filter>Source Files\orb-slam2-src</Filter>
    </ClCompile>
    <ClCompile Include="src\Viewer.cc">
      <Filter>Source Files\orb-slam2-src</Filter>
    </ClCompile>
    <ClCompile Include="ND-SLAM-TEST.cpp">
      <Filter>Source Files</Filter>
    </ClCompile>
  </ItemGroup>
</Project>